
Microsoft Visual Studio Solution File, Format Version 12.00
Project("{FAE04EC0-301F-11D3-BF4B-00C04F79EFBC}") = "CBTW.API.Abstractions", "CBTW.API.Abstractions\CBTW.API.Abstractions.csproj", "{7C278F0F-6D59-426C-92A4-005C9B2E49B4}"
EndProject
Project("{FAE04EC0-301F-11D3-BF4B-00C04F79EFBC}") = "CBTW.API", "CBTW.API\CBTW.API.csproj", "{FE985239-0E77-4C5F-9BEF-E6EFD6C79F28}"
EndProject
Project("{2150E333-8FDC-42A3-9474-1A3956D46DE8}") = "Solution Items", "Solution Items", "{DD8F5CF9-18FA-441C-AC2A-F3068B53FF7D}"
	ProjectSection(SolutionItems) = preProject
		docker-compose.yaml = docker-compose.yaml
	EndProjectSection
EndProject
Project("{FAE04EC0-301F-11D3-BF4B-00C04F79EFBC}") = "CBTW.API.Services", "CBTW.API.Services\CBTW.API.Services.csproj", "{0DE90318-71D5-49EA-89C3-485BD05AA8DC}"
EndProject
Project("{2150E333-8FDC-42A3-9474-1A3956D46DE8}") = "Tests", "Tests", "{70A1188B-30CE-4E69-83EE-F95839968140}"
EndProject
Project("{FAE04EC0-301F-11D3-BF4B-00C04F79EFBC}") = "CBTW.API.Services.Tests", "CBTW.API.Services.Tests\CBTW.API.Services.Tests.csproj", "{55059474-D497-4871-AA22-C7DEA112962C}"
EndProject
Project("{FAE04EC0-301F-11D3-BF4B-00C04F79EFBC}") = "CBTW.API.Gateway", "CBTW.API.Gateway\CBTW.API.Gateway.csproj", "{EE7EF579-5FF6-4A62-ABE8-7A9F38FEFDD2}"
EndProject
Project("{2150E333-8FDC-42A3-9474-1A3956D46DE8}") = "API", "API", "{1C0E5786-D850-4E9D-98C3-01A7D5897F82}"
EndProject
Project("{2150E333-8FDC-42A3-9474-1A3956D46DE8}") = "Gateway", "Gateway", "{B95740F3-F389-4212-8B8C-85C34B9D681C}"
EndProject
Project("{FAE04EC0-301F-11D3-BF4B-00C04F79EFBC}") = "CBTW.API.Gateway.Abstractions", "CBTW.API.Gateway.Abstractions\CBTW.API.Gateway.Abstractions.csproj", "{58B87650-F5FC-443B-940B-AE4D9E3FE96F}"
EndProject
Project("{FAE04EC0-301F-11D3-BF4B-00C04F79EFBC}") = "CBTW.API.Gateway.Services", "CBTW.API.Gateway.Services\CBTW.API.Gateway.Services.csproj", "{D1FD18E3-822A-40B5-BF05-59130C0572E9}"
EndProject
Project("{FAE04EC0-301F-11D3-BF4B-00C04F79EFBC}") = "CBTW.API.Gateway.Models", "CBTW.API.Gateway.Models\CBTW.API.Gateway.Models.csproj", "{C34F9E52-9E04-4CF0-BCC2-62BA31B7F2B6}"
EndProject
Project("{FAE04EC0-301F-11D3-BF4B-00C04F79EFBC}") = "CBTW.API.Gateway.Repositories", "CBTW.API.Gateway.Repositories\CBTW.API.Gateway.Repositories.csproj", "{897BE712-6223-473D-9631-0102D3A0D6C0}"
EndProject
Project("{FAE04EC0-301F-11D3-BF4B-00C04F79EFBC}") = "CBTW.API.Repositories", "CBTW.API.Repositories\CBTW.API.Repositories.csproj", "{168FCEDA-B411-4F02-AE44-AE0346A1D223}"
EndProject
Global
	GlobalSection(SolutionConfigurationPlatforms) = preSolution
		Debug|Any CPU = Debug|Any CPU
		Release|Any CPU = Release|Any CPU
	EndGlobalSection
	GlobalSection(ProjectConfigurationPlatforms) = postSolution
		{7C278F0F-6D59-426C-92A4-005C9B2E49B4}.Debug|Any CPU.ActiveCfg = Debug|Any CPU
		{7C278F0F-6D59-426C-92A4-005C9B2E49B4}.Debug|Any CPU.Build.0 = Debug|Any CPU
		{7C278F0F-6D59-426C-92A4-005C9B2E49B4}.Release|Any CPU.ActiveCfg = Release|Any CPU
		{7C278F0F-6D59-426C-92A4-005C9B2E49B4}.Release|Any CPU.Build.0 = Release|Any CPU
		{FE985239-0E77-4C5F-9BEF-E6EFD6C79F28}.Debug|Any CPU.ActiveCfg = Debug|Any CPU
		{FE985239-0E77-4C5F-9BEF-E6EFD6C79F28}.Debug|Any CPU.Build.0 = Debug|Any CPU
		{FE985239-0E77-4C5F-9BEF-E6EFD6C79F28}.Release|Any CPU.ActiveCfg = Release|Any CPU
		{FE985239-0E77-4C5F-9BEF-E6EFD6C79F28}.Release|Any CPU.Build.0 = Release|Any CPU
		{0DE90318-71D5-49EA-89C3-485BD05AA8DC}.Debug|Any CPU.ActiveCfg = Debug|Any CPU
		{0DE90318-71D5-49EA-89C3-485BD05AA8DC}.Debug|Any CPU.Build.0 = Debug|Any CPU
		{0DE90318-71D5-49EA-89C3-485BD05AA8DC}.Release|Any CPU.ActiveCfg = Release|Any CPU
		{0DE90318-71D5-49EA-89C3-485BD05AA8DC}.Release|Any CPU.Build.0 = Release|Any CPU
		{55059474-D497-4871-AA22-C7DEA112962C}.Debug|Any CPU.ActiveCfg = Debug|Any CPU
		{55059474-D497-4871-AA22-C7DEA112962C}.Debug|Any CPU.Build.0 = Debug|Any CPU
		{55059474-D497-4871-AA22-C7DEA112962C}.Release|Any CPU.ActiveCfg = Release|Any CPU
		{55059474-D497-4871-AA22-C7DEA112962C}.Release|Any CPU.Build.0 = Release|Any CPU
		{EE7EF579-5FF6-4A62-ABE8-7A9F38FEFDD2}.Debug|Any CPU.ActiveCfg = Debug|Any CPU
		{EE7EF579-5FF6-4A62-ABE8-7A9F38FEFDD2}.Debug|Any CPU.Build.0 = Debug|Any CPU
		{EE7EF579-5FF6-4A62-ABE8-7A9F38FEFDD2}.Release|Any CPU.ActiveCfg = Release|Any CPU
		{EE7EF579-5FF6-4A62-ABE8-7A9F38FEFDD2}.Release|Any CPU.Build.0 = Release|Any CPU
		{58B87650-F5FC-443B-940B-AE4D9E3FE96F}.Debug|Any CPU.ActiveCfg = Debug|Any CPU
		{58B87650-F5FC-443B-940B-AE4D9E3FE96F}.Debug|Any CPU.Build.0 = Debug|Any CPU
		{58B87650-F5FC-443B-940B-AE4D9E3FE96F}.Release|Any CPU.ActiveCfg = Release|Any CPU
		{58B87650-F5FC-443B-940B-AE4D9E3FE96F}.Release|Any CPU.Build.0 = Release|Any CPU
		{D1FD18E3-822A-40B5-BF05-59130C0572E9}.Debug|Any CPU.ActiveCfg = Debug|Any CPU
		{D1FD18E3-822A-40B5-BF05-59130C0572E9}.Debug|Any CPU.Build.0 = Debug|Any CPU
		{D1FD18E3-822A-40B5-BF05-59130C0572E9}.Release|Any CPU.ActiveCfg = Release|Any CPU
		{D1FD18E3-822A-40B5-BF05-59130C0572E9}.Release|Any CPU.Build.0 = Release|Any CPU
		{C34F9E52-9E04-4CF0-BCC2-62BA31B7F2B6}.Debug|Any CPU.ActiveCfg = Debug|Any CPU
		{C34F9E52-9E04-4CF0-BCC2-62BA31B7F2B6}.Debug|Any CPU.Build.0 = Debug|Any CPU
		{C34F9E52-9E04-4CF0-BCC2-62BA31B7F2B6}.Release|Any CPU.ActiveCfg = Release|Any CPU
		{C34F9E52-9E04-4CF0-BCC2-62BA31B7F2B6}.Release|Any CPU.Build.0 = Release|Any CPU
		{897BE712-6223-473D-9631-0102D3A0D6C0}.Debug|Any CPU.ActiveCfg = Debug|Any CPU
		{897BE712-6223-473D-9631-0102D3A0D6C0}.Debug|Any CPU.Build.0 = Debug|Any CPU
		{897BE712-6223-473D-9631-0102D3A0D6C0}.Release|Any CPU.ActiveCfg = Release|Any CPU
		{897BE712-6223-473D-9631-0102D3A0D6C0}.Release|Any CPU.Build.0 = Release|Any CPU
		{168FCEDA-B411-4F02-AE44-AE0346A1D223}.Debug|Any CPU.ActiveCfg = Debug|Any CPU
		{168FCEDA-B411-4F02-AE44-AE0346A1D223}.Debug|Any CPU.Build.0 = Debug|Any CPU
		{168FCEDA-B411-4F02-AE44-AE0346A1D223}.Release|Any CPU.ActiveCfg = Release|Any CPU
		{168FCEDA-B411-4F02-AE44-AE0346A1D223}.Release|Any CPU.Build.0 = Release|Any CPU
	EndGlobalSection
	GlobalSection(NestedProjects) = preSolution
		{55059474-D497-4871-AA22-C7DEA112962C} = {70A1188B-30CE-4E69-83EE-F95839968140}
		{FE985239-0E77-4C5F-9BEF-E6EFD6C79F28} = {1C0E5786-D850-4E9D-98C3-01A7D5897F82}
		{7C278F0F-6D59-426C-92A4-005C9B2E49B4} = {1C0E5786-D850-4E9D-98C3-01A7D5897F82}
		{0DE90318-71D5-49EA-89C3-485BD05AA8DC} = {1C0E5786-D850-4E9D-98C3-01A7D5897F82}
		{EE7EF579-5FF6-4A62-ABE8-7A9F38FEFDD2} = {B95740F3-F389-4212-8B8C-85C34B9D681C}
		{58B87650-F5FC-443B-940B-AE4D9E3FE96F} = {B95740F3-F389-4212-8B8C-85C34B9D681C}
		{D1FD18E3-822A-40B5-BF05-59130C0572E9} = {B95740F3-F389-4212-8B8C-85C34B9D681C}
		{C34F9E52-9E04-4CF0-BCC2-62BA31B7F2B6} = {B95740F3-F389-4212-8B8C-85C34B9D681C}
		{897BE712-6223-473D-9631-0102D3A0D6C0} = {B95740F3-F389-4212-8B8C-85C34B9D681C}
		{168FCEDA-B411-4F02-AE44-AE0346A1D223} = {1C0E5786-D850-4E9D-98C3-01A7D5897F82}
	EndGlobalSection
EndGlobal
